<?xml version="1.0" encoding="utf-8"?>
<Project ToolsVersion="4.0" xmlns="http://schemas.microsoft.com/developer/msbuild/2003">
  <ItemGroup>
    <ClCompile Include="main.cpp" />
    <ClCompile Include="stdafx.cpp" />
    <ClCompile Include="GameApp.cpp" />
    <ClCompile Include="RenderPass2.cpp">
      <Filter>RenderPass</Filter>
    </ClCompile>
    <ClCompile Include="GameScene.cpp">
      <Filter>GameScene</Filter>
    </ClCompile>
    <ClCompile Include="RenderPassFinal.cpp">
      <Filter>RenderPass</Filter>
    </ClCompile>
    <ClCompile Include="GeomMap.cpp">
      <Filter>World\MapGeometry</Filter>
    </ClCompile>
    <ClCompile Include="MapLoadObjTile.cpp">
      <Filter>World\MapGeometry</Filter>
    </ClCompile>
    <ClCompile Include="GeomTileMap.cpp">
      <Filter>World\MapGeometry</Filter>
    </ClCompile>
    <ClCompile Include="MapGrid.cpp">
      <Filter>World\Editor</Filter>
    </ClCompile>
    <ClCompile Include="EditorCursor.cpp">
      <Filter>World\Editor</Filter>
    </ClCompile>
    <ClCompile Include="Map.cpp">
      <Filter>World\MapLogic</Filter>
    </ClCompile>
  </ItemGroup>
  <ItemGroup>
    <ClInclude Include="stdafx.h" />
    <ClInclude Include="GameApp.h" />
    <ClInclude Include="GameConfig.h" />
    <ClInclude Include="RenderPass2.h">
      <Filter>RenderPass</Filter>
    </ClInclude>
    <ClInclude Include="GameWorldData.h">
      <Filter>GameScene</Filter>
    </ClInclude>
    <ClInclude Include="GameScene.h">
      <Filter>GameScene</Filter>
    </ClInclude>
    <ClInclude Include="RenderPassFinal.h">
      <Filter>RenderPass</Filter>
    </ClInclude>
    <ClInclude Include="GameModel.h">
      <Filter>GameScene</Filter>
    </ClInclude>
    <ClInclude Include="GeomMap.h">
      <Filter>World\MapGeometry</Filter>
    </ClInclude>
    <ClInclude Include="MapLoadObjTile.h">
      <Filter>World\MapGeometry</Filter>
    </ClInclude>
    <ClInclude Include="GeomTileMap.h">
      <Filter>World\MapGeometry</Filter>
    </ClInclude>
    <ClInclude Include="MapGrid.h">
      <Filter>World\Editor</Filter>
    </ClInclude>
    <ClInclude Include="EditorCursor.h">
      <Filter>World\Editor</Filter>
    </ClInclude>
    <ClInclude Include="Map.h">
      <Filter>World\MapLogic</Filter>
    </ClInclude>
  </ItemGroup>
  <ItemGroup>
    <Filter Include="RenderPass">
      <UniqueIdentifier>{8b8952ff-c503-4c11-aad3-528bd7633da2}</UniqueIdentifier>
    </Filter>
    <Filter Include="GameScene">
      <UniqueIdentifier>{4c5dc519-9da7-4815-9677-144103fcb662}</UniqueIdentifier>
    </Filter>
    <Filter Include="_shader">
      <UniqueIdentifier>{4e7a3899-caa3-4d57-ade2-1b2912a44595}</UniqueIdentifier>
    </Filter>
    <Filter Include="World">
      <UniqueIdentifier>{a9d25f16-fcde-4ef3-ae22-0d09ee17e87b}</UniqueIdentifier>
    </Filter>
    <Filter Include="_DOC">
      <UniqueIdentifier>{59dac45f-00fb-48c6-8781-6501fd5a4420}</UniqueIdentifier>
    </Filter>
    <Filter Include="World\Editor">
      <UniqueIdentifier>{6965e4e5-992e-4486-9912-4d004bbedee4}</UniqueIdentifier>
    </Filter>
    <Filter Include="World\MapGeometry">
      <UniqueIdentifier>{81b9766e-231e-4f0c-9191-76159969e393}</UniqueIdentifier>
    </Filter>
    <Filter Include="World\MapLogic">
      <UniqueIdentifier>{feb7ea28-99ff-47cf-bd33-09df6e24e2e8}</UniqueIdentifier>
    </Filter>
  </ItemGroup>
  <ItemGroup>
    <None Include="BlockInfo.md" />
  </ItemGroup>
</Project>