<?xml version="1.0" encoding="utf-8"?>
<Project ToolsVersion="4.0" xmlns="http://schemas.microsoft.com/developer/msbuild/2003">
  <ItemGroup>
    <ClCompile Include="main.cpp" />
    <ClCompile Include="stdafx.cpp" />
    <ClCompile Include="GameApp.cpp" />
    <ClCompile Include="NanoLog.cpp">
      <Filter>Engine</Filter>
    </ClCompile>
    <ClCompile Include="NanoWindow.cpp">
      <Filter>Engine</Filter>
    </ClCompile>
    <ClCompile Include="NanoOpenGL3.cpp">
      <Filter>Engine</Filter>
    </ClCompile>
    <ClCompile Include="NanoOpenGLExt.cpp">
      <Filter>Engine</Filter>
    </ClCompile>
    <ClCompile Include="NanoIO.cpp">
      <Filter>Engine</Filter>
    </ClCompile>
    <ClCompile Include="Mesh.cpp">
      <Filter>temp2</Filter>
    </ClCompile>
    <ClCompile Include="Texture.cpp">
      <Filter>temp2</Filter>
    </ClCompile>
    <ClCompile Include="Model.cpp">
      <Filter>temp2</Filter>
    </ClCompile>
    <ClCompile Include="Material.cpp">
      <Filter>temp2</Filter>
    </ClCompile>
    <ClCompile Include="Camera.cpp">
      <Filter>temp2</Filter>
    </ClCompile>
    <ClCompile Include="ShadowMap.cpp">
      <Filter>temp2</Filter>
    </ClCompile>
    <ClCompile Include="Light.cpp">
      <Filter>temp2</Filter>
    </ClCompile>
    <ClCompile Include="DirectionalLight.cpp">
      <Filter>temp2</Filter>
    </ClCompile>
    <ClCompile Include="PointLight.cpp">
      <Filter>temp2</Filter>
    </ClCompile>
    <ClCompile Include="SpotLight.cpp">
      <Filter>temp2</Filter>
    </ClCompile>
    <ClCompile Include="Shader.cpp">
      <Filter>temp2</Filter>
    </ClCompile>
    <ClCompile Include="GameApp2.cpp" />
    <ClCompile Include="Scene.cpp">
      <Filter>temp2</Filter>
    </ClCompile>
    <ClCompile Include="GameApp3.cpp" />
    <ClCompile Include="NanoEngine.cpp">
      <Filter>Engine</Filter>
    </ClCompile>
  </ItemGroup>
  <ItemGroup>
    <ClInclude Include="stdafx.h" />
    <ClInclude Include="GameApp.h" />
    <ClInclude Include="NanoLog.h">
      <Filter>Engine</Filter>
    </ClInclude>
    <ClInclude Include="CameraOld.h">
      <Filter>Temp</Filter>
    </ClInclude>
    <ClInclude Include="MeshTemp.h">
      <Filter>Temp</Filter>
    </ClInclude>
    <ClInclude Include="ModelTemp.h">
      <Filter>Temp</Filter>
    </ClInclude>
    <ClInclude Include="NanoWindow.h">
      <Filter>Engine</Filter>
    </ClInclude>
    <ClInclude Include="NanoOpenGL3.h">
      <Filter>Engine</Filter>
    </ClInclude>
    <ClInclude Include="NanoOpenGLExt.h">
      <Filter>Engine</Filter>
    </ClInclude>
    <ClInclude Include="NanoIO.h">
      <Filter>Engine</Filter>
    </ClInclude>
    <ClInclude Include="Mesh.h">
      <Filter>temp2</Filter>
    </ClInclude>
    <ClInclude Include="Texture.h">
      <Filter>temp2</Filter>
    </ClInclude>
    <ClInclude Include="Model.h">
      <Filter>temp2</Filter>
    </ClInclude>
    <ClInclude Include="Material.h">
      <Filter>temp2</Filter>
    </ClInclude>
    <ClInclude Include="Camera.h">
      <Filter>temp2</Filter>
    </ClInclude>
    <ClInclude Include="ShadowMap.h">
      <Filter>temp2</Filter>
    </ClInclude>
    <ClInclude Include="Light.h">
      <Filter>temp2</Filter>
    </ClInclude>
    <ClInclude Include="DirectionalLight.h">
      <Filter>temp2</Filter>
    </ClInclude>
    <ClInclude Include="PointLight.h">
      <Filter>temp2</Filter>
    </ClInclude>
    <ClInclude Include="SpotLight.h">
      <Filter>temp2</Filter>
    </ClInclude>
    <ClInclude Include="Shader.h">
      <Filter>temp2</Filter>
    </ClInclude>
    <ClInclude Include="Scene.h">
      <Filter>temp2</Filter>
    </ClInclude>
    <ClInclude Include="NanoEngine.h">
      <Filter>Engine</Filter>
    </ClInclude>
  </ItemGroup>
  <ItemGroup>
    <Filter Include="Temp">
      <UniqueIdentifier>{a6b2b7b3-836c-4269-aec2-773f8eda25e1}</UniqueIdentifier>
    </Filter>
    <Filter Include="Engine">
      <UniqueIdentifier>{d8f71863-d93a-4335-80a6-267ea4c979a5}</UniqueIdentifier>
    </Filter>
    <Filter Include="shaders">
      <UniqueIdentifier>{0ccbfeab-b651-4032-ac9d-4d4c35564eba}</UniqueIdentifier>
    </Filter>
    <Filter Include="temp2">
      <UniqueIdentifier>{4a886297-09d9-49bc-a40e-ebef0199be09}</UniqueIdentifier>
    </Filter>
    <Filter Include="NewFilter1">
      <UniqueIdentifier>{f1b3ca49-34c2-4cb3-aca4-882e0b45e01a}</UniqueIdentifier>
    </Filter>
  </ItemGroup>
  <ItemGroup>
    <None Include="..\..\bin\data\shaders\NormalPassShader.fs">
      <Filter>shaders</Filter>
    </None>
    <None Include="..\..\bin\data\shaders\NormalPassShader.vs">
      <Filter>shaders</Filter>
    </None>
    <None Include="..\..\bin\data\shaders\ShadowMappingDepth.fs">
      <Filter>shaders</Filter>
    </None>
    <None Include="..\..\bin\data\shaders\ShadowMappingDepth.vs">
      <Filter>shaders</Filter>
    </None>
    <None Include="..\..\bin\data\shaders\NormalPassShaderOLD.fs">
      <Filter>shaders</Filter>
    </None>
    <None Include="..\..\bin\shaders\directionalShadowMap.frag">
      <Filter>shaders</Filter>
    </None>
    <None Include="..\..\bin\shaders\directionalShadowMap.vert">
      <Filter>shaders</Filter>
    </None>
    <None Include="..\..\bin\shaders\shader.frag">
      <Filter>shaders</Filter>
    </None>
    <None Include="..\..\bin\shaders\shader.vert">
      <Filter>shaders</Filter>
    </None>
  </ItemGroup>
</Project>