<?xml version="1.0" encoding="utf-8"?>
<Project ToolsVersion="4.0" xmlns="http://schemas.microsoft.com/developer/msbuild/2003">
  <ItemGroup>
    <ClCompile Include="main.cpp" />
    <ClCompile Include="stdafx.cpp" />
    <ClCompile Include="ExampleApp002.cpp">
      <Filter>Example</Filter>
    </ClCompile>
    <ClCompile Include="Framebuffer.cpp">
      <Filter>NanoEngine\addon</Filter>
    </ClCompile>
    <ClCompile Include="GridAxis.cpp">
      <Filter>NanoEngine\addon</Filter>
    </ClCompile>
    <ClCompile Include="LightO.cpp">
      <Filter>Example\tmp</Filter>
    </ClCompile>
    <ClCompile Include="Scene.cpp">
      <Filter>Example\tmp</Filter>
    </ClCompile>
    <ClCompile Include="NanoCore.cpp">
      <Filter>NanoEngine\NanoCore</Filter>
    </ClCompile>
    <ClCompile Include="NanoIO.cpp">
      <Filter>NanoEngine\NanoCore</Filter>
    </ClCompile>
    <ClCompile Include="NanoLog.cpp">
      <Filter>NanoEngine\NanoCore</Filter>
    </ClCompile>
    <ClCompile Include="NanoMath.cpp">
      <Filter>NanoEngine\NanoCore</Filter>
    </ClCompile>
    <ClCompile Include="NanoOpenGL3.cpp">
      <Filter>NanoEngine\OpenGL</Filter>
    </ClCompile>
    <ClCompile Include="NanoRender.cpp">
      <Filter>NanoEngine\Render</Filter>
    </ClCompile>
    <ClCompile Include="NanoScene.cpp">
      <Filter>NanoEngine\Scene</Filter>
    </ClCompile>
    <ClCompile Include="NanoEngine.cpp">
      <Filter>NanoEngine\App</Filter>
    </ClCompile>
    <ClCompile Include="NanoWindow.cpp">
      <Filter>NanoEngine\App</Filter>
    </ClCompile>
    <ClCompile Include="SceneRenderPass.cpp">
      <Filter>Example\tmp</Filter>
    </ClCompile>
    <ClCompile Include="World.cpp">
      <Filter>GameApp</Filter>
    </ClCompile>
    <ClCompile Include="Region.cpp">
      <Filter>GameApp</Filter>
    </ClCompile>
    <ClCompile Include="SceneShadowMap.cpp">
      <Filter>Example\tmp</Filter>
    </ClCompile>
    <ClCompile Include="Minimal.cpp">
      <Filter>Example</Filter>
    </ClCompile>
    <ClCompile Include="ExampleApp001.cpp">
      <Filter>Example</Filter>
    </ClCompile>
    <ClCompile Include="GameApp.cpp" />
    <ClCompile Include="GameScene.cpp">
      <Filter>GameApp\Render</Filter>
    </ClCompile>
    <ClCompile Include="NanoRenderTextures.cpp">
      <Filter>NanoEngine\Render</Filter>
    </ClCompile>
    <ClCompile Include="NanoRenderMaterial.cpp">
      <Filter>NanoEngine\Render</Filter>
    </ClCompile>
    <ClCompile Include="NanoRenderMesh.cpp">
      <Filter>NanoEngine\Render</Filter>
    </ClCompile>
    <ClCompile Include="NanoRenderModel.cpp">
      <Filter>NanoEngine\Render</Filter>
    </ClCompile>
    <ClCompile Include="NanoRenderGeometryGen.cpp">
      <Filter>NanoEngine\Render</Filter>
    </ClCompile>
    <ClCompile Include="RPDirShadowMap.cpp">
      <Filter>GameApp\Render\SceneRenderPass</Filter>
    </ClCompile>
    <ClCompile Include="RPMainScene.cpp">
      <Filter>GameApp\Render\SceneRenderPass</Filter>
    </ClCompile>
    <ClCompile Include="RPPostFrame.cpp">
      <Filter>GameApp\Render\SceneRenderPass</Filter>
    </ClCompile>
    <ClCompile Include="ExampleApp003.cpp">
      <Filter>Example</Filter>
    </ClCompile>
  </ItemGroup>
  <ItemGroup>
    <ClInclude Include="stdafx.h" />
    <ClInclude Include="GameApp.h" />
    <ClInclude Include="Framebuffer.h">
      <Filter>NanoEngine\addon</Filter>
    </ClInclude>
    <ClInclude Include="GridAxis.h">
      <Filter>NanoEngine\addon</Filter>
    </ClInclude>
    <ClInclude Include="LightO.h">
      <Filter>Example\tmp</Filter>
    </ClInclude>
    <ClInclude Include="Scene.h">
      <Filter>Example\tmp</Filter>
    </ClInclude>
    <ClInclude Include="NanoCore.h">
      <Filter>NanoEngine\NanoCore</Filter>
    </ClInclude>
    <ClInclude Include="NanoIO.h">
      <Filter>NanoEngine\NanoCore</Filter>
    </ClInclude>
    <ClInclude Include="NanoLog.h">
      <Filter>NanoEngine\NanoCore</Filter>
    </ClInclude>
    <ClInclude Include="NanoMath.h">
      <Filter>NanoEngine\NanoCore</Filter>
    </ClInclude>
    <ClInclude Include="NanoOpenGL3.h">
      <Filter>NanoEngine\OpenGL</Filter>
    </ClInclude>
    <ClInclude Include="NanoRender.h">
      <Filter>NanoEngine\Render</Filter>
    </ClInclude>
    <ClInclude Include="NanoScene.h">
      <Filter>NanoEngine\Scene</Filter>
    </ClInclude>
    <ClInclude Include="NanoEngine.h">
      <Filter>NanoEngine\App</Filter>
    </ClInclude>
    <ClInclude Include="NanoWindow.h">
      <Filter>NanoEngine\App</Filter>
    </ClInclude>
    <ClInclude Include="SceneRenderPass.h">
      <Filter>Example\tmp</Filter>
    </ClInclude>
    <ClInclude Include="World.h">
      <Filter>GameApp</Filter>
    </ClInclude>
    <ClInclude Include="Region.h">
      <Filter>GameApp</Filter>
    </ClInclude>
    <ClInclude Include="SceneShadowMap.h">
      <Filter>Example\tmp</Filter>
    </ClInclude>
    <ClInclude Include="GameScene.h">
      <Filter>GameApp\Render</Filter>
    </ClInclude>
    <ClInclude Include="NanoRenderTextures.h">
      <Filter>NanoEngine\Render</Filter>
    </ClInclude>
    <ClInclude Include="NanoRenderMaterial.h">
      <Filter>NanoEngine\Render</Filter>
    </ClInclude>
    <ClInclude Include="NanoRenderMesh.h">
      <Filter>NanoEngine\Render</Filter>
    </ClInclude>
    <ClInclude Include="NanoRenderModel.h">
      <Filter>NanoEngine\Render</Filter>
    </ClInclude>
    <ClInclude Include="NanoRenderGeometryGen.h">
      <Filter>NanoEngine\Render</Filter>
    </ClInclude>
    <ClInclude Include="RPDirShadowMap.h">
      <Filter>GameApp\Render\SceneRenderPass</Filter>
    </ClInclude>
    <ClInclude Include="RPMainScene.h">
      <Filter>GameApp\Render\SceneRenderPass</Filter>
    </ClInclude>
    <ClInclude Include="RPPostFrame.h">
      <Filter>GameApp\Render\SceneRenderPass</Filter>
    </ClInclude>
    <ClInclude Include="GameConfig.h" />
  </ItemGroup>
  <ItemGroup>
    <Filter Include="Example">
      <UniqueIdentifier>{c4d97539-e4aa-42fb-ae8a-bee90570a857}</UniqueIdentifier>
    </Filter>
    <Filter Include="Example\tmp">
      <UniqueIdentifier>{37b1790f-a2e6-43ad-a292-f9f8d8c80509}</UniqueIdentifier>
    </Filter>
    <Filter Include="NanoEngine">
      <UniqueIdentifier>{d8f71863-d93a-4335-80a6-267ea4c979a5}</UniqueIdentifier>
    </Filter>
    <Filter Include="NanoEngine\addon">
      <UniqueIdentifier>{1a5b75fd-6d4f-4175-a4bd-eb5935d610b3}</UniqueIdentifier>
    </Filter>
    <Filter Include="NanoEngine\NanoCore">
      <UniqueIdentifier>{41d48bbd-016e-4ced-8ef6-6b9beb65e799}</UniqueIdentifier>
    </Filter>
    <Filter Include="NanoEngine\OpenGL">
      <UniqueIdentifier>{e90b8e3c-36ab-462d-9600-c9a9a9fad00e}</UniqueIdentifier>
    </Filter>
    <Filter Include="NanoEngine\Render">
      <UniqueIdentifier>{bf1588c1-e5b9-4b7c-b737-afd5bb1a1151}</UniqueIdentifier>
    </Filter>
    <Filter Include="NanoEngine\Scene">
      <UniqueIdentifier>{4896292d-24bb-46f6-833f-fff60c06ce2b}</UniqueIdentifier>
    </Filter>
    <Filter Include="NanoEngine\App">
      <UniqueIdentifier>{39a56dec-9451-4530-aca5-2403c0f563a3}</UniqueIdentifier>
    </Filter>
    <Filter Include="GameApp">
      <UniqueIdentifier>{442e05ba-91a3-44f5-90a4-b7226fdd4404}</UniqueIdentifier>
    </Filter>
    <Filter Include="GameApp\Render">
      <UniqueIdentifier>{6119cb67-3adb-4f87-b97c-8425a8204a48}</UniqueIdentifier>
    </Filter>
    <Filter Include="GameApp\shader">
      <UniqueIdentifier>{c2717875-67cb-4e3f-a4db-67fe9f33c53f}</UniqueIdentifier>
    </Filter>
    <Filter Include="Example\shaders">
      <UniqueIdentifier>{0ccbfeab-b651-4032-ac9d-4d4c35564eba}</UniqueIdentifier>
    </Filter>
    <Filter Include="Example\shaders\grid">
      <UniqueIdentifier>{7e54933b-d17c-4e37-b837-ce9ac103fc9b}</UniqueIdentifier>
    </Filter>
    <Filter Include="Example\shaders\axis">
      <UniqueIdentifier>{89558e03-1aff-4ce2-aaf6-0f4e5cdef307}</UniqueIdentifier>
    </Filter>
    <Filter Include="Example\shaders\blinn_phong">
      <UniqueIdentifier>{7f12fd78-5b61-4396-90ac-8c12ed495c05}</UniqueIdentifier>
    </Filter>
    <Filter Include="GameApp\Render\SceneRenderPass">
      <UniqueIdentifier>{dc214a13-b723-4b6c-b7f3-c9790647173a}</UniqueIdentifier>
    </Filter>
    <Filter Include="GameApp\shader\shadowMapping">
      <UniqueIdentifier>{79e8d4d5-b27f-435c-852d-1dd9b15e499b}</UniqueIdentifier>
    </Filter>
    <Filter Include="GameApp\shader\main">
      <UniqueIdentifier>{b7559b57-bee7-4e96-8cce-996e3c8dbf9b}</UniqueIdentifier>
    </Filter>
    <Filter Include="TempPhysics">
      <UniqueIdentifier>{c7007c31-eb29-4fd4-896f-b25981d8333f}</UniqueIdentifier>
    </Filter>
  </ItemGroup>
  <ItemGroup>
    <None Include="..\..\bin\data\shaders\axis\fragment.glsl">
      <Filter>Example\shaders\axis</Filter>
    </None>
    <None Include="..\..\bin\data\shaders\axis\vertex.glsl">
      <Filter>Example\shaders\axis</Filter>
    </None>
    <None Include="..\..\bin\data\shaders\grid\fragment.glsl">
      <Filter>Example\shaders\grid</Filter>
    </None>
    <None Include="..\..\bin\data\shaders\grid\vertex.glsl">
      <Filter>Example\shaders\grid</Filter>
    </None>
    <None Include="..\..\bin\data\shaders\blinn_phong\fragment.glsl">
      <Filter>Example\shaders\blinn_phong</Filter>
    </None>
    <None Include="..\..\bin\data\shaders\blinn_phong\vertex.glsl">
      <Filter>Example\shaders\blinn_phong</Filter>
    </None>
    <None Include="..\..\bin\data\shaders\shadowMapping\fragment.glsl">
      <Filter>GameApp\shader\shadowMapping</Filter>
    </None>
    <None Include="..\..\bin\data\shaders\shadowMapping\vertex.glsl">
      <Filter>GameApp\shader\shadowMapping</Filter>
    </None>
    <None Include="..\..\bin\data\shaders\main\fragment.glsl">
      <Filter>GameApp\shader\main</Filter>
    </None>
    <None Include="..\..\bin\data\shaders\main\vertex.glsl">
      <Filter>GameApp\shader\main</Filter>
    </None>
  </ItemGroup>
</Project>