<?xml version="1.0" encoding="utf-8"?>
<Project ToolsVersion="4.0" xmlns="http://schemas.microsoft.com/developer/msbuild/2003">
  <ItemGroup>
    <ClCompile Include="main.cpp" />
    <ClCompile Include="stdafx.cpp" />
    <ClCompile Include="Mesh.cpp">
      <Filter>tmp\temp2</Filter>
    </ClCompile>
    <ClCompile Include="Texture.cpp">
      <Filter>tmp\temp2</Filter>
    </ClCompile>
    <ClCompile Include="Model.cpp">
      <Filter>tmp\temp2</Filter>
    </ClCompile>
    <ClCompile Include="Material.cpp">
      <Filter>tmp\temp2</Filter>
    </ClCompile>
    <ClCompile Include="Camera.cpp">
      <Filter>tmp\temp2</Filter>
    </ClCompile>
    <ClCompile Include="ShadowMap.cpp">
      <Filter>tmp\temp2</Filter>
    </ClCompile>
    <ClCompile Include="Lighto2.cpp">
      <Filter>tmp\temp2</Filter>
    </ClCompile>
    <ClCompile Include="DirectionalLighto2.cpp">
      <Filter>tmp\temp2</Filter>
    </ClCompile>
    <ClCompile Include="PointLighto2.cpp">
      <Filter>tmp\temp2</Filter>
    </ClCompile>
    <ClCompile Include="SpotLighto2.cpp">
      <Filter>tmp\temp2</Filter>
    </ClCompile>
    <ClCompile Include="Shader.cpp">
      <Filter>tmp\temp2</Filter>
    </ClCompile>
    <ClCompile Include="Sceneo2.cpp">
      <Filter>tmp\temp2</Filter>
    </ClCompile>
    <ClCompile Include="TempApp.cpp">
      <Filter>tmp</Filter>
    </ClCompile>
    <ClCompile Include="TempApp2.cpp">
      <Filter>tmp</Filter>
    </ClCompile>
    <ClCompile Include="TempApp4.cpp">
      <Filter>tmp</Filter>
    </ClCompile>
    <ClCompile Include="ExampleApp001.cpp">
      <Filter>Example</Filter>
    </ClCompile>
    <ClCompile Include="ExampleApp002.cpp">
      <Filter>Example</Filter>
    </ClCompile>
    <ClCompile Include="Framebuffer.cpp">
      <Filter>NanoEngine\addon</Filter>
    </ClCompile>
    <ClCompile Include="GridAxis.cpp">
      <Filter>NanoEngine\addon</Filter>
    </ClCompile>
    <ClCompile Include="Light.cpp">
      <Filter>Example\tmp</Filter>
    </ClCompile>
    <ClCompile Include="Scene.cpp">
      <Filter>Example\tmp</Filter>
    </ClCompile>
    <ClCompile Include="NanoCore.cpp">
      <Filter>NanoEngine\NanoCore</Filter>
    </ClCompile>
    <ClCompile Include="NanoIO.cpp">
      <Filter>NanoEngine\NanoCore</Filter>
    </ClCompile>
    <ClCompile Include="NanoLog.cpp">
      <Filter>NanoEngine\NanoCore</Filter>
    </ClCompile>
    <ClCompile Include="NanoMath.cpp">
      <Filter>NanoEngine\NanoCore</Filter>
    </ClCompile>
    <ClCompile Include="NanoOpenGL3.cpp">
      <Filter>NanoEngine\OpenGL</Filter>
    </ClCompile>
    <ClCompile Include="NanoOpenGLExt.cpp">
      <Filter>NanoEngine\OpenGL</Filter>
    </ClCompile>
    <ClCompile Include="NanoRender.cpp">
      <Filter>NanoEngine\Render</Filter>
    </ClCompile>
    <ClCompile Include="NanoScene.cpp">
      <Filter>NanoEngine\Scene</Filter>
    </ClCompile>
    <ClCompile Include="NanoEngine.cpp">
      <Filter>NanoEngine\App</Filter>
    </ClCompile>
    <ClCompile Include="NanoWindow.cpp">
      <Filter>NanoEngine\App</Filter>
    </ClCompile>
  </ItemGroup>
  <ItemGroup>
    <ClInclude Include="stdafx.h" />
    <ClInclude Include="GameApp.h" />
    <ClInclude Include="CameraOld.h">
      <Filter>tmp\Temp</Filter>
    </ClInclude>
    <ClInclude Include="MeshTemp.h">
      <Filter>tmp\Temp</Filter>
    </ClInclude>
    <ClInclude Include="ModelTemp.h">
      <Filter>tmp\Temp</Filter>
    </ClInclude>
    <ClInclude Include="Mesh.h">
      <Filter>tmp\temp2</Filter>
    </ClInclude>
    <ClInclude Include="Texture.h">
      <Filter>tmp\temp2</Filter>
    </ClInclude>
    <ClInclude Include="Model.h">
      <Filter>tmp\temp2</Filter>
    </ClInclude>
    <ClInclude Include="Material.h">
      <Filter>tmp\temp2</Filter>
    </ClInclude>
    <ClInclude Include="Camera.h">
      <Filter>tmp\temp2</Filter>
    </ClInclude>
    <ClInclude Include="ShadowMap.h">
      <Filter>tmp\temp2</Filter>
    </ClInclude>
    <ClInclude Include="Lighto2.h">
      <Filter>tmp\temp2</Filter>
    </ClInclude>
    <ClInclude Include="DirectionalLighto2.h">
      <Filter>tmp\temp2</Filter>
    </ClInclude>
    <ClInclude Include="PointLighto2.h">
      <Filter>tmp\temp2</Filter>
    </ClInclude>
    <ClInclude Include="SpotLighto2.h">
      <Filter>tmp\temp2</Filter>
    </ClInclude>
    <ClInclude Include="Shader.h">
      <Filter>tmp\temp2</Filter>
    </ClInclude>
    <ClInclude Include="Sceneo2.h">
      <Filter>tmp\temp2</Filter>
    </ClInclude>
    <ClInclude Include="Framebuffer.h">
      <Filter>NanoEngine\addon</Filter>
    </ClInclude>
    <ClInclude Include="GridAxis.h">
      <Filter>NanoEngine\addon</Filter>
    </ClInclude>
    <ClInclude Include="Light.h">
      <Filter>Example\tmp</Filter>
    </ClInclude>
    <ClInclude Include="Scene.h">
      <Filter>Example\tmp</Filter>
    </ClInclude>
    <ClInclude Include="NanoCore.h">
      <Filter>NanoEngine\NanoCore</Filter>
    </ClInclude>
    <ClInclude Include="NanoIO.h">
      <Filter>NanoEngine\NanoCore</Filter>
    </ClInclude>
    <ClInclude Include="NanoLog.h">
      <Filter>NanoEngine\NanoCore</Filter>
    </ClInclude>
    <ClInclude Include="NanoMath.h">
      <Filter>NanoEngine\NanoCore</Filter>
    </ClInclude>
    <ClInclude Include="NanoOpenGL3.h">
      <Filter>NanoEngine\OpenGL</Filter>
    </ClInclude>
    <ClInclude Include="NanoOpenGLExt.h">
      <Filter>NanoEngine\OpenGL</Filter>
    </ClInclude>
    <ClInclude Include="NanoRender.h">
      <Filter>NanoEngine\Render</Filter>
    </ClInclude>
    <ClInclude Include="NanoScene.h">
      <Filter>NanoEngine\Scene</Filter>
    </ClInclude>
    <ClInclude Include="NanoEngine.h">
      <Filter>NanoEngine\App</Filter>
    </ClInclude>
    <ClInclude Include="NanoWindow.h">
      <Filter>NanoEngine\App</Filter>
    </ClInclude>
  </ItemGroup>
  <ItemGroup>
    <Filter Include="shaders">
      <UniqueIdentifier>{0ccbfeab-b651-4032-ac9d-4d4c35564eba}</UniqueIdentifier>
    </Filter>
    <Filter Include="Example">
      <UniqueIdentifier>{c4d97539-e4aa-42fb-ae8a-bee90570a857}</UniqueIdentifier>
    </Filter>
    <Filter Include="tmp">
      <UniqueIdentifier>{f1b3ca49-34c2-4cb3-aca4-882e0b45e01a}</UniqueIdentifier>
    </Filter>
    <Filter Include="tmp\Temp">
      <UniqueIdentifier>{a6b2b7b3-836c-4269-aec2-773f8eda25e1}</UniqueIdentifier>
    </Filter>
    <Filter Include="tmp\temp2">
      <UniqueIdentifier>{4a886297-09d9-49bc-a40e-ebef0199be09}</UniqueIdentifier>
    </Filter>
    <Filter Include="Example\tmp">
      <UniqueIdentifier>{37b1790f-a2e6-43ad-a292-f9f8d8c80509}</UniqueIdentifier>
    </Filter>
    <Filter Include="shaders\grid">
      <UniqueIdentifier>{7e54933b-d17c-4e37-b837-ce9ac103fc9b}</UniqueIdentifier>
    </Filter>
    <Filter Include="shaders\axis">
      <UniqueIdentifier>{89558e03-1aff-4ce2-aaf6-0f4e5cdef307}</UniqueIdentifier>
    </Filter>
    <Filter Include="NanoEngine">
      <UniqueIdentifier>{d8f71863-d93a-4335-80a6-267ea4c979a5}</UniqueIdentifier>
    </Filter>
    <Filter Include="NanoEngine\addon">
      <UniqueIdentifier>{1a5b75fd-6d4f-4175-a4bd-eb5935d610b3}</UniqueIdentifier>
    </Filter>
    <Filter Include="NanoEngine\NanoCore">
      <UniqueIdentifier>{41d48bbd-016e-4ced-8ef6-6b9beb65e799}</UniqueIdentifier>
    </Filter>
    <Filter Include="NanoEngine\OpenGL">
      <UniqueIdentifier>{e90b8e3c-36ab-462d-9600-c9a9a9fad00e}</UniqueIdentifier>
    </Filter>
    <Filter Include="NanoEngine\Render">
      <UniqueIdentifier>{bf1588c1-e5b9-4b7c-b737-afd5bb1a1151}</UniqueIdentifier>
    </Filter>
    <Filter Include="NanoEngine\Scene">
      <UniqueIdentifier>{4896292d-24bb-46f6-833f-fff60c06ce2b}</UniqueIdentifier>
    </Filter>
    <Filter Include="NanoEngine\App">
      <UniqueIdentifier>{39a56dec-9451-4530-aca5-2403c0f563a3}</UniqueIdentifier>
    </Filter>
    <Filter Include="shaders\blinn_phong">
      <UniqueIdentifier>{7f12fd78-5b61-4396-90ac-8c12ed495c05}</UniqueIdentifier>
    </Filter>
    <Filter Include="shaders\PBR">
      <UniqueIdentifier>{e285a240-2336-486f-87b5-baef3602a1fe}</UniqueIdentifier>
    </Filter>
    <Filter Include="shaders\post_processing">
      <UniqueIdentifier>{6f331c69-0905-4ea3-a5db-74c8f4cae25c}</UniqueIdentifier>
    </Filter>
    <Filter Include="shaders\shadowMapping">
      <UniqueIdentifier>{79e8d4d5-b27f-435c-852d-1dd9b15e499b}</UniqueIdentifier>
    </Filter>
    <Filter Include="shaders\deffered">
      <UniqueIdentifier>{b1109cbf-a6d6-42c7-a620-e6661543df47}</UniqueIdentifier>
    </Filter>
  </ItemGroup>
  <ItemGroup>
    <None Include="..\..\bin\data\shaders\NormalPassShader.fs">
      <Filter>shaders</Filter>
    </None>
    <None Include="..\..\bin\data\shaders\NormalPassShader.vs">
      <Filter>shaders</Filter>
    </None>
    <None Include="..\..\bin\data\shaders\ShadowMappingDepth.fs">
      <Filter>shaders</Filter>
    </None>
    <None Include="..\..\bin\data\shaders\ShadowMappingDepth.vs">
      <Filter>shaders</Filter>
    </None>
    <None Include="..\..\bin\data\shaders\NormalPassShaderOLD.fs">
      <Filter>shaders</Filter>
    </None>
    <None Include="..\..\bin\shaders\directionalShadowMap.frag">
      <Filter>shaders</Filter>
    </None>
    <None Include="..\..\bin\shaders\directionalShadowMap.vert">
      <Filter>shaders</Filter>
    </None>
    <None Include="..\..\bin\shaders\shader.frag">
      <Filter>shaders</Filter>
    </None>
    <None Include="..\..\bin\shaders\shader.vert">
      <Filter>shaders</Filter>
    </None>
    <None Include="..\..\bin\data\shaders\axis\fragment.glsl">
      <Filter>shaders\axis</Filter>
    </None>
    <None Include="..\..\bin\data\shaders\axis\vertex.glsl">
      <Filter>shaders\axis</Filter>
    </None>
    <None Include="..\..\bin\data\shaders\grid\fragment.glsl">
      <Filter>shaders\grid</Filter>
    </None>
    <None Include="..\..\bin\data\shaders\grid\vertex.glsl">
      <Filter>shaders\grid</Filter>
    </None>
    <None Include="..\..\bin\data\shaders\Model.vert">
      <Filter>Example\tmp</Filter>
    </None>
    <None Include="..\..\bin\data\shaders\Model.frag">
      <Filter>Example\tmp</Filter>
    </None>
    <None Include="..\..\bin\data\shaders\blinn_phong\fragment.glsl">
      <Filter>shaders\blinn_phong</Filter>
    </None>
    <None Include="..\..\bin\data\shaders\blinn_phong\vertex.glsl">
      <Filter>shaders\blinn_phong</Filter>
    </None>
    <None Include="..\..\bin\data\shaders\PBR\fragment.glsl">
      <Filter>shaders\PBR</Filter>
    </None>
    <None Include="..\..\bin\data\shaders\PBR\vertex.glsl">
      <Filter>shaders\PBR</Filter>
    </None>
    <None Include="..\..\bin\data\shaders\post_processing\fragment.glsl">
      <Filter>shaders\post_processing</Filter>
    </None>
    <None Include="..\..\bin\data\shaders\post_processing\vertex.glsl">
      <Filter>shaders\post_processing</Filter>
    </None>
    <None Include="..\..\bin\data\shaders\shadowMapping\fragment.glsl">
      <Filter>shaders\shadowMapping</Filter>
    </None>
    <None Include="..\..\bin\data\shaders\shadowMapping\vertex.glsl">
      <Filter>shaders\shadowMapping</Filter>
    </None>
    <None Include="..\..\bin\data\shaders\deffered\gBuffer.frag">
      <Filter>shaders\deffered</Filter>
    </None>
    <None Include="..\..\bin\data\shaders\deffered\gBuffer.vert">
      <Filter>shaders\deffered</Filter>
    </None>
    <None Include="..\..\bin\data\shaders\deffered\directionalLight.frag">
      <Filter>shaders\deffered</Filter>
    </None>
    <None Include="..\..\bin\data\shaders\deffered\directionalLight.vert">
      <Filter>shaders\deffered</Filter>
    </None>
  </ItemGroup>
</Project>