<?xml version="1.0" encoding="utf-8"?>
<Project ToolsVersion="4.0" xmlns="http://schemas.microsoft.com/developer/msbuild/2003">
  <ItemGroup>
    <ClCompile Include="main.cpp" />
    <ClCompile Include="stdafx.cpp" />
    <ClCompile Include="GameApp.cpp">
      <Filter>GameApp</Filter>
    </ClCompile>
    <ClCompile Include="RenderPass1.cpp">
      <Filter>GameApp\RenderPass</Filter>
    </ClCompile>
    <ClCompile Include="RenderPass2.cpp">
      <Filter>GameApp\RenderPass</Filter>
    </ClCompile>
    <ClCompile Include="RenderPass6.cpp">
      <Filter>GameApp\RenderPass</Filter>
    </ClCompile>
    <ClCompile Include="GameModel.cpp">
      <Filter>GameApp\GameScene\Object</Filter>
    </ClCompile>
    <ClCompile Include="GameScene.cpp">
      <Filter>GameApp\GameScene</Filter>
    </ClCompile>
  </ItemGroup>
  <ItemGroup>
    <ClInclude Include="stdafx.h" />
    <ClInclude Include="GameApp.h" />
    <ClInclude Include="GameConfig.h" />
    <ClInclude Include="RenderPass1.h">
      <Filter>GameApp\RenderPass</Filter>
    </ClInclude>
    <ClInclude Include="RenderPass2.h">
      <Filter>GameApp\RenderPass</Filter>
    </ClInclude>
    <ClInclude Include="RenderPass6.h">
      <Filter>GameApp\RenderPass</Filter>
    </ClInclude>
    <ClInclude Include="GameCamera.h">
      <Filter>GameApp\GameScene\Object</Filter>
    </ClInclude>
    <ClInclude Include="GameDirectionalLight.h">
      <Filter>GameApp\GameScene\Object</Filter>
    </ClInclude>
    <ClInclude Include="GameLight.h">
      <Filter>GameApp\GameScene\Object</Filter>
    </ClInclude>
    <ClInclude Include="GamePointLight.h">
      <Filter>GameApp\GameScene\Object</Filter>
    </ClInclude>
    <ClInclude Include="SceneObject.h">
      <Filter>GameApp\GameScene\Object</Filter>
    </ClInclude>
    <ClInclude Include="GameModel.h">
      <Filter>GameApp\GameScene\Object</Filter>
    </ClInclude>
    <ClInclude Include="GameScene.h">
      <Filter>GameApp\GameScene</Filter>
    </ClInclude>
    <ClInclude Include="GameWorldData.h">
      <Filter>GameApp\GameScene</Filter>
    </ClInclude>
  </ItemGroup>
  <ItemGroup>
    <Filter Include="GameApp">
      <UniqueIdentifier>{445caf56-c388-42dd-aab5-f5d3bf9002fe}</UniqueIdentifier>
    </Filter>
    <Filter Include="GameApp\RenderPass">
      <UniqueIdentifier>{f716966d-b81c-404a-80e4-7f597da31584}</UniqueIdentifier>
    </Filter>
    <Filter Include="GameApp\GameScene">
      <UniqueIdentifier>{4526b1af-51d7-4d56-b449-55a9d26b798f}</UniqueIdentifier>
    </Filter>
    <Filter Include="GameApp\_Shaders">
      <UniqueIdentifier>{8ae63649-f986-4388-bd4e-a519148ffbab}</UniqueIdentifier>
    </Filter>
    <Filter Include="GameApp\_Shaders\DirLightShadow">
      <UniqueIdentifier>{1e761f62-8192-48e3-a467-36bb1a86966d}</UniqueIdentifier>
    </Filter>
    <Filter Include="GameApp\_Shaders\BlinnPhong">
      <UniqueIdentifier>{088e5d20-47ab-40ff-b117-771204f7fd86}</UniqueIdentifier>
    </Filter>
    <Filter Include="GameApp\_Shaders\composite">
      <UniqueIdentifier>{cde3807f-7ab2-4b78-917a-c1ae2e34eb13}</UniqueIdentifier>
    </Filter>
    <Filter Include="GameApp\GameScene\Object">
      <UniqueIdentifier>{1da715e4-658e-4c9d-aada-00aa64a136a1}</UniqueIdentifier>
    </Filter>
  </ItemGroup>
  <ItemGroup>
    <None Include="..\..\bin\data\shaders2\DirLightShadow\fragment.shader">
      <Filter>GameApp\_Shaders\DirLightShadow</Filter>
    </None>
    <None Include="..\..\bin\data\shaders2\DirLightShadow\vertex.shader">
      <Filter>GameApp\_Shaders\DirLightShadow</Filter>
    </None>
    <None Include="..\..\bin\data\shaders2\BlinnPhong\fragment.shader">
      <Filter>GameApp\_Shaders\BlinnPhong</Filter>
    </None>
    <None Include="..\..\bin\data\shaders2\BlinnPhong\vertex.shader">
      <Filter>GameApp\_Shaders\BlinnPhong</Filter>
    </None>
    <None Include="..\..\bin\data\shaders2\composite\fragment.shader">
      <Filter>GameApp\_Shaders\composite</Filter>
    </None>
    <None Include="..\..\bin\data\shaders2\composite\vertex.shader">
      <Filter>GameApp\_Shaders\composite</Filter>
    </None>
    <None Include="..\..\bin\data\shaders2\BlinnPhong.shader">
      <Filter>GameApp\_Shaders</Filter>
    </None>
    <None Include="..\..\bin\data\shaders2\shadow.shader">
      <Filter>GameApp\_Shaders</Filter>
    </None>
    <None Include="..\..\bin\data\shaders2\tonemap.shader">
      <Filter>GameApp\_Shaders</Filter>
    </None>
    <None Include="..\..\bin\data\shaders2\utils.shader">
      <Filter>GameApp\_Shaders</Filter>
    </None>
    <None Include="..\..\bin\data\shaders2\DirLightShadowFrag.shader">
      <Filter>GameApp\_Shaders</Filter>
    </None>
    <None Include="..\..\bin\data\shaders2\DirLightShadowVert.shader">
      <Filter>GameApp\_Shaders</Filter>
    </None>
    <None Include="..\..\bin\data\shaders2\PointLightShadowFrag.shader">
      <Filter>GameApp\_Shaders</Filter>
    </None>
    <None Include="..\..\bin\data\shaders2\PointLightShadowVert.shader">
      <Filter>GameApp\_Shaders</Filter>
    </None>
    <None Include="..\..\bin\data\shaders2\PointLightShadowGeom.shader">
      <Filter>GameApp\_Shaders</Filter>
    </None>
  </ItemGroup>
</Project>